
Microsoft Visual Studio Solution File, Format Version 12.00
# Visual Studio Version 17
VisualStudioVersion = 17.0.31919.166
MinimumVisualStudioVersion = 10.0.40219.1
Project("{2150E333-8FDC-42A3-9474-1A3956D46DE8}") = "src", "src", "{913A24E7-4837-44FE-95E2-2E1174A49A39}"
EndProject
Project("{2150E333-8FDC-42A3-9474-1A3956D46DE8}") = "Commons", "Commons", "{FA7A4307-3EE2-48F8-9F6E-FCFA71DE8459}"
EndProject
Project("{9A19103F-16F7-4668-BE54-9A1E7A4F7556}") = "Aws.Commons", "src\Aws.Commons\Aws.Commons.csproj", "{56CB2F72-F272-4750-8976-C5D47A166936}"
EndProject
Project("{2150E333-8FDC-42A3-9474-1A3956D46DE8}") = "Configurations", "Configurations", "{148F4A98-007D-4696-B834-40439FE38781}"
EndProject
Project("{9A19103F-16F7-4668-BE54-9A1E7A4F7556}") = "Aws.Configuration", "src\Aws.Configuration\Aws.Configuration.csproj", "{8B6F27AA-FA75-45CC-82AC-1A593A4E5D95}"
EndProject
Project("{2150E333-8FDC-42A3-9474-1A3956D46DE8}") = "Services", "Services", "{66078B0C-C6AA-45A4-BC2F-15331F38825D}"
EndProject
Project("{9A19103F-16F7-4668-BE54-9A1E7A4F7556}") = "Aws.S3.Service", "src\Aws.S3.Service\Aws.S3.Service.csproj", "{41A2044C-9996-4BEB-B20D-A571742CAE23}"
EndProject
Project("{2150E333-8FDC-42A3-9474-1A3956D46DE8}") = "S3", "S3", "{E26F9107-92EA-42B2-9E88-0B1AD1CDBDF7}"
EndProject
Project("{9A19103F-16F7-4668-BE54-9A1E7A4F7556}") = "Aws.S3.Glacier.Service", "src\Aws.S3.Glacier.Service\Aws.S3.Glacier.Service.csproj", "{0793A66D-2131-4552-8C11-7B861D19DF41}"
EndProject
Project("{2150E333-8FDC-42A3-9474-1A3956D46DE8}") = "Run", "Run", "{7961C95F-13A0-4DF8-87C3-15CAE0B65DF4}"
EndProject
Project("{FAE04EC0-301F-11D3-BF4B-00C04F79EFBC}") = "Aws.Run", "src\Aws.Run\Aws.Run.csproj", "{FFF2025C-9C6F-4265-A8A0-F2AAF99F623F}"
EndProject
Global
	GlobalSection(SolutionConfigurationPlatforms) = preSolution
		Debug|Any CPU = Debug|Any CPU
		Release|Any CPU = Release|Any CPU
	EndGlobalSection
	GlobalSection(ProjectConfigurationPlatforms) = postSolution
		{56CB2F72-F272-4750-8976-C5D47A166936}.Debug|Any CPU.ActiveCfg = Debug|Any CPU
		{56CB2F72-F272-4750-8976-C5D47A166936}.Debug|Any CPU.Build.0 = Debug|Any CPU
		{56CB2F72-F272-4750-8976-C5D47A166936}.Release|Any CPU.ActiveCfg = Release|Any CPU
		{56CB2F72-F272-4750-8976-C5D47A166936}.Release|Any CPU.Build.0 = Release|Any CPU
		{8B6F27AA-FA75-45CC-82AC-1A593A4E5D95}.Debug|Any CPU.ActiveCfg = Debug|Any CPU
		{8B6F27AA-FA75-45CC-82AC-1A593A4E5D95}.Debug|Any CPU.Build.0 = Debug|Any CPU
		{8B6F27AA-FA75-45CC-82AC-1A593A4E5D95}.Release|Any CPU.ActiveCfg = Release|Any CPU
		{8B6F27AA-FA75-45CC-82AC-1A593A4E5D95}.Release|Any CPU.Build.0 = Release|Any CPU
		{41A2044C-9996-4BEB-B20D-A571742CAE23}.Debug|Any CPU.ActiveCfg = Debug|Any CPU
		{41A2044C-9996-4BEB-B20D-A571742CAE23}.Debug|Any CPU.Build.0 = Debug|Any CPU
		{41A2044C-9996-4BEB-B20D-A571742CAE23}.Release|Any CPU.ActiveCfg = Release|Any CPU
		{41A2044C-9996-4BEB-B20D-A571742CAE23}.Release|Any CPU.Build.0 = Release|Any CPU
		{0793A66D-2131-4552-8C11-7B861D19DF41}.Debug|Any CPU.ActiveCfg = Debug|Any CPU
		{0793A66D-2131-4552-8C11-7B861D19DF41}.Debug|Any CPU.Build.0 = Debug|Any CPU
		{0793A66D-2131-4552-8C11-7B861D19DF41}.Release|Any CPU.ActiveCfg = Release|Any CPU
		{0793A66D-2131-4552-8C11-7B861D19DF41}.Release|Any CPU.Build.0 = Release|Any CPU
		{FFF2025C-9C6F-4265-A8A0-F2AAF99F623F}.Debug|Any CPU.ActiveCfg = Debug|Any CPU
		{FFF2025C-9C6F-4265-A8A0-F2AAF99F623F}.Debug|Any CPU.Build.0 = Debug|Any CPU
		{FFF2025C-9C6F-4265-A8A0-F2AAF99F623F}.Release|Any CPU.ActiveCfg = Release|Any CPU
		{FFF2025C-9C6F-4265-A8A0-F2AAF99F623F}.Release|Any CPU.Build.0 = Release|Any CPU
	EndGlobalSection
	GlobalSection(SolutionProperties) = preSolution
		HideSolutionNode = FALSE
	EndGlobalSection
	GlobalSection(NestedProjects) = preSolution
		{FA7A4307-3EE2-48F8-9F6E-FCFA71DE8459} = {913A24E7-4837-44FE-95E2-2E1174A49A39}
		{56CB2F72-F272-4750-8976-C5D47A166936} = {FA7A4307-3EE2-48F8-9F6E-FCFA71DE8459}
		{148F4A98-007D-4696-B834-40439FE38781} = {913A24E7-4837-44FE-95E2-2E1174A49A39}
		{8B6F27AA-FA75-45CC-82AC-1A593A4E5D95} = {148F4A98-007D-4696-B834-40439FE38781}
		{66078B0C-C6AA-45A4-BC2F-15331F38825D} = {913A24E7-4837-44FE-95E2-2E1174A49A39}
		{41A2044C-9996-4BEB-B20D-A571742CAE23} = {E26F9107-92EA-42B2-9E88-0B1AD1CDBDF7}
		{E26F9107-92EA-42B2-9E88-0B1AD1CDBDF7} = {66078B0C-C6AA-45A4-BC2F-15331F38825D}
		{0793A66D-2131-4552-8C11-7B861D19DF41} = {E26F9107-92EA-42B2-9E88-0B1AD1CDBDF7}
		{7961C95F-13A0-4DF8-87C3-15CAE0B65DF4} = {913A24E7-4837-44FE-95E2-2E1174A49A39}
		{FFF2025C-9C6F-4265-A8A0-F2AAF99F623F} = {7961C95F-13A0-4DF8-87C3-15CAE0B65DF4}
	EndGlobalSection
	GlobalSection(ExtensibilityGlobals) = postSolution
		SolutionGuid = {72875CB6-1178-4DE8-9E0E-C0379BFEB359}
	EndGlobalSection
EndGlobal
